
Microsoft Visual Studio Solution File, Format Version 12.00
# Visual Studio Version 17
VisualStudioVersion = 17.10.35013.160
MinimumVisualStudioVersion = 10.0.40219.1
Project("{00D1A9C2-B5F0-4AF3-8072-F6C62B433612}") = "TRMData", "TRMData\TRMData.sqlproj", "{9A3ABDA4-95F0-4280-87AE-664CA95A250B}"
EndProject
Project("{FAE04EC0-301F-11D3-BF4B-00C04F79EFBC}") = "TRMDesktopUI", "TRMWPFUserInterface\TRMDesktopUI.csproj", "{457376C1-5034-401E-BB22-F01DF60EE1BD}"
EndProject
Project("{9A19103F-16F7-4668-BE54-9A1E7A4F7556}") = "TRMDataManager.Library", "TRMDataManager.Library\TRMDataManager.Library.csproj", "{0071D2C5-A0E5-4B12-80EF-141B58CF73EC}"
EndProject
Project("{FAE04EC0-301F-11D3-BF4B-00C04F79EFBC}") = "TRMDesktopUI.Library", "TRMDesktopUI.Library\TRMDesktopUI.Library.csproj", "{785174BE-4D3F-4FE7-A40C-34066822FD1D}"
EndProject
Project("{2150E333-8FDC-42A3-9474-1A3956D46DE8}") = "Database", "Database", "{B67E084D-C894-4281-B09E-C02A27213F05}"
EndProject
Project("{2150E333-8FDC-42A3-9474-1A3956D46DE8}") = "API", "API", "{3CB7581F-E78C-4146-A806-F89BA38DC412}"
EndProject
Project("{2150E333-8FDC-42A3-9474-1A3956D46DE8}") = "WPF", "WPF", "{B0B8564F-DB0F-4CE3-A020-4CCB565D4493}"
EndProject
Project("{9A19103F-16F7-4668-BE54-9A1E7A4F7556}") = "TRMApi", "TRMApi\TRMApi.csproj", "{FB12F283-206D-4ADC-A702-6081349FB3BE}"
EndProject
Global
	GlobalSection(SolutionConfigurationPlatforms) = preSolution
		Debug|Any CPU = Debug|Any CPU
		Release|Any CPU = Release|Any CPU
	EndGlobalSection
	GlobalSection(ProjectConfigurationPlatforms) = postSolution
		{9A3ABDA4-95F0-4280-87AE-664CA95A250B}.Debug|Any CPU.ActiveCfg = Debug|Any CPU
		{9A3ABDA4-95F0-4280-87AE-664CA95A250B}.Debug|Any CPU.Build.0 = Debug|Any CPU
		{9A3ABDA4-95F0-4280-87AE-664CA95A250B}.Debug|Any CPU.Deploy.0 = Debug|Any CPU
		{9A3ABDA4-95F0-4280-87AE-664CA95A250B}.Release|Any CPU.ActiveCfg = Release|Any CPU
		{9A3ABDA4-95F0-4280-87AE-664CA95A250B}.Release|Any CPU.Build.0 = Release|Any CPU
		{9A3ABDA4-95F0-4280-87AE-664CA95A250B}.Release|Any CPU.Deploy.0 = Release|Any CPU
		{457376C1-5034-401E-BB22-F01DF60EE1BD}.Debug|Any CPU.ActiveCfg = Debug|Any CPU
		{457376C1-5034-401E-BB22-F01DF60EE1BD}.Debug|Any CPU.Build.0 = Debug|Any CPU
		{457376C1-5034-401E-BB22-F01DF60EE1BD}.Release|Any CPU.ActiveCfg = Release|Any CPU
		{457376C1-5034-401E-BB22-F01DF60EE1BD}.Release|Any CPU.Build.0 = Release|Any CPU
		{0071D2C5-A0E5-4B12-80EF-141B58CF73EC}.Debug|Any CPU.ActiveCfg = Debug|Any CPU
		{0071D2C5-A0E5-4B12-80EF-141B58CF73EC}.Debug|Any CPU.Build.0 = Debug|Any CPU
		{0071D2C5-A0E5-4B12-80EF-141B58CF73EC}.Release|Any CPU.ActiveCfg = Release|Any CPU
		{0071D2C5-A0E5-4B12-80EF-141B58CF73EC}.Release|Any CPU.Build.0 = Release|Any CPU
		{785174BE-4D3F-4FE7-A40C-34066822FD1D}.Debug|Any CPU.ActiveCfg = Debug|Any CPU
		{785174BE-4D3F-4FE7-A40C-34066822FD1D}.Debug|Any CPU.Build.0 = Debug|Any CPU
		{785174BE-4D3F-4FE7-A40C-34066822FD1D}.Release|Any CPU.ActiveCfg = Release|Any CPU
		{785174BE-4D3F-4FE7-A40C-34066822FD1D}.Release|Any CPU.Build.0 = Release|Any CPU
		{FB12F283-206D-4ADC-A702-6081349FB3BE}.Debug|Any CPU.ActiveCfg = Debug|Any CPU
		{FB12F283-206D-4ADC-A702-6081349FB3BE}.Debug|Any CPU.Build.0 = Debug|Any CPU
		{FB12F283-206D-4ADC-A702-6081349FB3BE}.Release|Any CPU.ActiveCfg = Release|Any CPU
		{FB12F283-206D-4ADC-A702-6081349FB3BE}.Release|Any CPU.Build.0 = Release|Any CPU
	EndGlobalSection
	GlobalSection(SolutionProperties) = preSolution
		HideSolutionNode = FALSE
	EndGlobalSection
	GlobalSection(NestedProjects) = preSolution
		{9A3ABDA4-95F0-4280-87AE-664CA95A250B} = {B67E084D-C894-4281-B09E-C02A27213F05}
		{457376C1-5034-401E-BB22-F01DF60EE1BD} = {B0B8564F-DB0F-4CE3-A020-4CCB565D4493}
		{0071D2C5-A0E5-4B12-80EF-141B58CF73EC} = {3CB7581F-E78C-4146-A806-F89BA38DC412}
		{785174BE-4D3F-4FE7-A40C-34066822FD1D} = {B0B8564F-DB0F-4CE3-A020-4CCB565D4493}
		{FB12F283-206D-4ADC-A702-6081349FB3BE} = {3CB7581F-E78C-4146-A806-F89BA38DC412}
	EndGlobalSection
	GlobalSection(ExtensibilityGlobals) = postSolution
		SolutionGuid = {33C44EAF-57AD-45DE-93EB-F92B8C9D6FB7}
	EndGlobalSection
EndGlobal
